// !$*UTF8*$!
{
	archiveVersion = 1;
	classes = {
	};
	objectVersion = 46;
	objects = {

/* Begin PBXBuildFile section */
		449BB2D51E810D6A00240E5D /* Main.storyboard in Resources */ = {isa = PBXBuildFile; fileRef = 449BB2D31E810D6A00240E5D /* Main.storyboard */; };
		449BB2D71E810D6A00240E5D /* Assets.xcassets in Resources */ = {isa = PBXBuildFile; fileRef = 449BB2D61E810D6A00240E5D /* Assets.xcassets */; };
		449BB2DA1E810D6A00240E5D /* LaunchScreen.storyboard in Resources */ = {isa = PBXBuildFile; fileRef = 449BB2D81E810D6A00240E5D /* LaunchScreen.storyboard */; };
		44D9F99E1E812246002F10DF /* VideoPlayerCollectionViewCell.m in Sources */ = {isa = PBXBuildFile; fileRef = 44D9F99D1E812246002F10DF /* VideoPlayerCollectionViewCell.m */; };
		B2FA86A476617F6C171D46C4 /* ListViewController.swift in Sources */ = {isa = PBXBuildFile; fileRef = B2FA81FD6284C9F80105617F /* ListViewController.swift */; };
		B2FA8D2B77B63955754D5CED /* DetailViewController.swift in Sources */ = {isa = PBXBuildFile; fileRef = B2FA836538D3777AAA17CEC9 /* DetailViewController.swift */; };
		B2FA8ECDF601E5F765B8C7DE /* AppDelegate.swift in Sources */ = {isa = PBXBuildFile; fileRef = B2FA826ADCEA95CDEAE29FED /* AppDelegate.swift */; };
		D23C3054A7A4AC215979BFFF /* Pods_JWPlayerDemo.framework in Frameworks */ = {isa = PBXBuildFile; fileRef = 457839988A8ED32C5F62D72D /* Pods_JWPlayerDemo.framework */; };
/* End PBXBuildFile section */

/* Begin PBXFileReference section */
		19357CF3011165511D053AE7 /* Pods-JWPlayerDemo.release.xcconfig */ = {isa = PBXFileReference; includeInIndex = 1; lastKnownFileType = text.xcconfig; name = "Pods-JWPlayerDemo.release.xcconfig"; path = "Pods/Target Support Files/Pods-JWPlayerDemo/Pods-JWPlayerDemo.release.xcconfig"; sourceTree = "<group>"; };
		449BB2CA1E810D6A00240E5D /* JWPlayerDemo.app */ = {isa = PBXFileReference; explicitFileType = wrapper.application; includeInIndex = 0; path = JWPlayerDemo.app; sourceTree = BUILT_PRODUCTS_DIR; };
		449BB2D41E810D6A00240E5D /* Base */ = {isa = PBXFileReference; lastKnownFileType = file.storyboard; name = Base; path = Base.lproj/Main.storyboard; sourceTree = "<group>"; };
		449BB2D61E810D6A00240E5D /* Assets.xcassets */ = {isa = PBXFileReference; lastKnownFileType = folder.assetcatalog; path = Assets.xcassets; sourceTree = "<group>"; };
		449BB2D91E810D6A00240E5D /* Base */ = {isa = PBXFileReference; lastKnownFileType = file.storyboard; name = Base; path = Base.lproj/LaunchScreen.storyboard; sourceTree = "<group>"; };
		449BB2DB1E810D6A00240E5D /* Info.plist */ = {isa = PBXFileReference; lastKnownFileType = text.plist.xml; path = Info.plist; sourceTree = "<group>"; };
		44D9F99B1E812245002F10DF /* JWPlayerDemo-Bridging-Header.h */ = {isa = PBXFileReference; lastKnownFileType = sourcecode.c.h; path = "JWPlayerDemo-Bridging-Header.h"; sourceTree = "<group>"; };
		44D9F99C1E812246002F10DF /* VideoPlayerCollectionViewCell.h */ = {isa = PBXFileReference; fileEncoding = 4; lastKnownFileType = sourcecode.c.h; path = VideoPlayerCollectionViewCell.h; sourceTree = "<group>"; };
		44D9F99D1E812246002F10DF /* VideoPlayerCollectionViewCell.m */ = {isa = PBXFileReference; fileEncoding = 4; lastKnownFileType = sourcecode.c.objc; path = VideoPlayerCollectionViewCell.m; sourceTree = "<group>"; };
		457839988A8ED32C5F62D72D /* Pods_JWPlayerDemo.framework */ = {isa = PBXFileReference; explicitFileType = wrapper.framework; includeInIndex = 0; path = Pods_JWPlayerDemo.framework; sourceTree = BUILT_PRODUCTS_DIR; };
		88F704183BCB9094E69F28C1 /* Pods-JWPlayerDemo.debug.xcconfig */ = {isa = PBXFileReference; includeInIndex = 1; lastKnownFileType = text.xcconfig; name = "Pods-JWPlayerDemo.debug.xcconfig"; path = "Pods/Target Support Files/Pods-JWPlayerDemo/Pods-JWPlayerDemo.debug.xcconfig"; sourceTree = "<group>"; };
		B2FA81FD6284C9F80105617F /* ListViewController.swift */ = {isa = PBXFileReference; fileEncoding = 4; lastKnownFileType = sourcecode.swift; path = ListViewController.swift; sourceTree = "<group>"; };
		B2FA826ADCEA95CDEAE29FED /* AppDelegate.swift */ = {isa = PBXFileReference; fileEncoding = 4; lastKnownFileType = sourcecode.swift; path = AppDelegate.swift; sourceTree = "<group>"; };
		B2FA836538D3777AAA17CEC9 /* DetailViewController.swift */ = {isa = PBXFileReference; fileEncoding = 4; lastKnownFileType = sourcecode.swift; path = DetailViewController.swift; sourceTree = "<group>"; };
/* End PBXFileReference section */

/* Begin PBXFrameworksBuildPhase section */
		449BB2C71E810D6A00240E5D /* Frameworks */ = {
			isa = PBXFrameworksBuildPhase;
			buildActionMask = 2147483647;
			files = (
				D23C3054A7A4AC215979BFFF /* Pods_JWPlayerDemo.framework in Frameworks */,
			);
			runOnlyForDeploymentPostprocessing = 0;
		};
/* End PBXFrameworksBuildPhase section */

/* Begin PBXGroup section */
		449BB2C11E810D6A00240E5D = {
			isa = PBXGroup;
			children = (
				449BB2CC1E810D6A00240E5D /* JWPlayerDemo */,
				449BB2CB1E810D6A00240E5D /* Products */,
				EA09D57E0C3EBFCC9D2D59BB /* Pods */,
				7AA86BFD92EDD4010FFA2B48 /* Frameworks */,
			);
			sourceTree = "<group>";
		};
		449BB2CB1E810D6A00240E5D /* Products */ = {
			isa = PBXGroup;
			children = (
				449BB2CA1E810D6A00240E5D /* JWPlayerDemo.app */,
			);
			name = Products;
			sourceTree = "<group>";
		};
		449BB2CC1E810D6A00240E5D /* JWPlayerDemo */ = {
			isa = PBXGroup;
			children = (
				449BB2D31E810D6A00240E5D /* Main.storyboard */,
				449BB2D61E810D6A00240E5D /* Assets.xcassets */,
				449BB2D81E810D6A00240E5D /* LaunchScreen.storyboard */,
				449BB2DB1E810D6A00240E5D /* Info.plist */,
				B2FA87867924291E75E2D018 /* Source */,
			);
			path = JWPlayerDemo;
			sourceTree = "<group>";
		};
		7AA86BFD92EDD4010FFA2B48 /* Frameworks */ = {
			isa = PBXGroup;
			children = (
				457839988A8ED32C5F62D72D /* Pods_JWPlayerDemo.framework */,
			);
			name = Frameworks;
			sourceTree = "<group>";
		};
		B2FA87867924291E75E2D018 /* Source */ = {
			isa = PBXGroup;
			children = (
				B2FA836538D3777AAA17CEC9 /* DetailViewController.swift */,
				B2FA81FD6284C9F80105617F /* ListViewController.swift */,
				B2FA826ADCEA95CDEAE29FED /* AppDelegate.swift */,
				44D9F99C1E812246002F10DF /* VideoPlayerCollectionViewCell.h */,
				44D9F99D1E812246002F10DF /* VideoPlayerCollectionViewCell.m */,
				44D9F99B1E812245002F10DF /* JWPlayerDemo-Bridging-Header.h */,
			);
			path = Source;
			sourceTree = "<group>";
		};
		EA09D57E0C3EBFCC9D2D59BB /* Pods */ = {
			isa = PBXGroup;
			children = (
				88F704183BCB9094E69F28C1 /* Pods-JWPlayerDemo.debug.xcconfig */,
				19357CF3011165511D053AE7 /* Pods-JWPlayerDemo.release.xcconfig */,
			);
			name = Pods;
			sourceTree = "<group>";
		};
/* End PBXGroup section */

/* Begin PBXNativeTarget section */
		449BB2C91E810D6A00240E5D /* JWPlayerDemo */ = {
			isa = PBXNativeTarget;
			buildConfigurationList = 449BB2DE1E810D6A00240E5D /* Build configuration list for PBXNativeTarget "JWPlayerDemo" */;
			buildPhases = (
				383B6189EC632B0C0BC95587 /* [CP] Check Pods Manifest.lock */,
				449BB2C61E810D6A00240E5D /* Sources */,
				449BB2C71E810D6A00240E5D /* Frameworks */,
				449BB2C81E810D6A00240E5D /* Resources */,
				E292C8104E5DC9100B71248E /* [CP] Embed Pods Frameworks */,
				6E9267B909CC4177975247C0 /* [CP] Copy Pods Resources */,
			);
			buildRules = (
			);
			dependencies = (
			);
			name = JWPlayerDemo;
			productName = JWPlayerDemo;
			productReference = 449BB2CA1E810D6A00240E5D /* JWPlayerDemo.app */;
			productType = "com.apple.product-type.application";
		};
/* End PBXNativeTarget section */

/* Begin PBXProject section */
		449BB2C21E810D6A00240E5D /* Project object */ = {
			isa = PBXProject;
			attributes = {
				LastSwiftUpdateCheck = 0820;
				LastUpgradeCheck = 0820;
				ORGANIZATIONNAME = "Eugene Tulusha";
				TargetAttributes = {
					449BB2C91E810D6A00240E5D = {
						CreatedOnToolsVersion = 8.2.1;
						DevelopmentTeam = 88GZ4GY3GM;
						LastSwiftMigration = 0820;
						ProvisioningStyle = Automatic;
					};
				};
			};
			buildConfigurationList = 449BB2C51E810D6A00240E5D /* Build configuration list for PBXProject "JWPlayerDemo" */;
			compatibilityVersion = "Xcode 3.2";
			developmentRegion = English;
			hasScannedForEncodings = 0;
			knownRegions = (
				en,
				Base,
			);
			mainGroup = 449BB2C11E810D6A00240E5D;
			productRefGroup = 449BB2CB1E810D6A00240E5D /* Products */;
			projectDirPath = "";
			projectRoot = "";
			targets = (
				449BB2C91E810D6A00240E5D /* JWPlayerDemo */,
			);
		};
/* End PBXProject section */

/* Begin PBXResourcesBuildPhase section */
		449BB2C81E810D6A00240E5D /* Resources */ = {
			isa = PBXResourcesBuildPhase;
			buildActionMask = 2147483647;
			files = (
				449BB2DA1E810D6A00240E5D /* LaunchScreen.storyboard in Resources */,
				449BB2D71E810D6A00240E5D /* Assets.xcassets in Resources */,
				449BB2D51E810D6A00240E5D /* Main.storyboard in Resources */,
			);
			runOnlyForDeploymentPostprocessing = 0;
		};
/* End PBXResourcesBuildPhase section */

/* Begin PBXShellScriptBuildPhase section */
		383B6189EC632B0C0BC95587 /* [CP] Check Pods Manifest.lock */ = {
			isa = PBXShellScriptBuildPhase;
			buildActionMask = 2147483647;
			files = (
			);
			inputPaths = (
			);
			name = "[CP] Check Pods Manifest.lock";
			outputPaths = (
			);
			runOnlyForDeploymentPostprocessing = 0;
			shellPath = /bin/sh;
			shellScript = "diff \"${PODS_ROOT}/../Podfile.lock\" \"${PODS_ROOT}/Manifest.lock\" > /dev/null\nif [ $? != 0 ] ; then\n    # print error to STDERR\n    echo \"error: The sandbox is not in sync with the Podfile.lock. Run 'pod install' or update your CocoaPods installation.\" >&2\n    exit 1\nfi\n";
			showEnvVarsInLog = 0;
		};
		6E9267B909CC4177975247C0 /* [CP] Copy Pods Resources */ = {
			isa = PBXShellScriptBuildPhase;
			buildActionMask = 2147483647;
			files = (
			);
			inputPaths = (
			);
			name = "[CP] Copy Pods Resources";
			outputPaths = (
			);
			runOnlyForDeploymentPostprocessing = 0;
			shellPath = /bin/sh;
			shellScript = "\"${SRCROOT}/Pods/Target Support Files/Pods-JWPlayerDemo/Pods-JWPlayerDemo-resources.sh\"\n";
			showEnvVarsInLog = 0;
		};
		E292C8104E5DC9100B71248E /* [CP] Embed Pods Frameworks */ = {
			isa = PBXShellScriptBuildPhase;
			buildActionMask = 2147483647;
			files = (
			);
			inputPaths = (
			);
			name = "[CP] Embed Pods Frameworks";
			outputPaths = (
			);
			runOnlyForDeploymentPostprocessing = 0;
			shellPath = /bin/sh;
			shellScript = "\"${SRCROOT}/Pods/Target Support Files/Pods-JWPlayerDemo/Pods-JWPlayerDemo-frameworks.sh\"\n";
			showEnvVarsInLog = 0;
		};
/* End PBXShellScriptBuildPhase section */

/* Begin PBXSourcesBuildPhase section */
		449BB2C61E810D6A00240E5D /* Sources */ = {
			isa = PBXSourcesBuildPhase;
			buildActionMask = 2147483647;
			files = (
				B2FA8D2B77B63955754D5CED /* DetailViewController.swift in Sources */,
				44D9F99E1E812246002F10DF /* VideoPlayerCollectionViewCell.m in Sources */,
				B2FA86A476617F6C171D46C4 /* ListViewController.swift in Sources */,
				B2FA8ECDF601E5F765B8C7DE /* AppDelegate.swift in Sources */,
			);
			runOnlyForDeploymentPostprocessing = 0;
		};
/* End PBXSourcesBuildPhase section */

/* Begin PBXVariantGroup section */
		449BB2D31E810D6A00240E5D /* Main.storyboard */ = {
			isa = PBXVariantGroup;
			children = (
				449BB2D41E810D6A00240E5D /* Base */,
			);
			name = Main.storyboard;
			sourceTree = "<group>";
		};
		449BB2D81E810D6A00240E5D /* LaunchScreen.storyboard */ = {
			isa = PBXVariantGroup;
			children = (
				449BB2D91E810D6A00240E5D /* Base */,
			);
			name = LaunchScreen.storyboard;
			sourceTree = "<group>";
		};
/* End PBXVariantGroup section */

/* Begin XCBuildConfiguration section */
		449BB2DC1E810D6A00240E5D /* Debug */ = {
			isa = XCBuildConfiguration;
			buildSettings = {
				ALWAYS_SEARCH_USER_PATHS = NO;
				CLANG_ANALYZER_NONNULL = YES;
				CLANG_CXX_LANGUAGE_STANDARD = "gnu++0x";
				CLANG_CXX_LIBRARY = "libc++";
				CLANG_ENABLE_MODULES = YES;
				CLANG_ENABLE_OBJC_ARC = YES;
				CLANG_WARN_BOOL_CONVERSION = YES;
				CLANG_WARN_CONSTANT_CONVERSION = YES;
				CLANG_WARN_DIRECT_OBJC_ISA_USAGE = YES_ERROR;
				CLANG_WARN_DOCUMENTATION_COMMENTS = YES;
				CLANG_WARN_EMPTY_BODY = YES;
				CLANG_WARN_ENUM_CONVERSION = YES;
				CLANG_WARN_INFINITE_RECURSION = YES;
				CLANG_WARN_INT_CONVERSION = YES;
				CLANG_WARN_OBJC_ROOT_CLASS = YES_ERROR;
				CLANG_WARN_SUSPICIOUS_MOVE = YES;
				CLANG_WARN_UNREACHABLE_CODE = YES;
				CLANG_WARN__DUPLICATE_METHOD_MATCH = YES;
				"CODE_SIGN_IDENTITY[sdk=iphoneos*]" = "iPhone Developer";
				COPY_PHASE_STRIP = NO;
				DEBUG_INFORMATION_FORMAT = dwarf;
				ENABLE_STRICT_OBJC_MSGSEND = YES;
				ENABLE_TESTABILITY = YES;
				GCC_C_LANGUAGE_STANDARD = gnu99;
				GCC_DYNAMIC_NO_PIC = NO;
				GCC_NO_COMMON_BLOCKS = YES;
				GCC_OPTIMIZATION_LEVEL = 0;
				GCC_PREPROCESSOR_DEFINITIONS = (
					"DEBUG=1",
					"$(inherited)",
				);
				GCC_WARN_64_TO_32_BIT_CONVERSION = YES;
				GCC_WARN_ABOUT_RETURN_TYPE = YES_ERROR;
				GCC_WARN_UNDECLARED_SELECTOR = YES;
				GCC_WARN_UNINITIALIZED_AUTOS = YES_AGGRESSIVE;
				GCC_WARN_UNUSED_FUNCTION = YES;
				GCC_WARN_UNUSED_VARIABLE = YES;
				IPHONEOS_DEPLOYMENT_TARGET = 10.2;
				MTL_ENABLE_DEBUG_INFO = YES;
				ONLY_ACTIVE_ARCH = YES;
				SDKROOT = iphoneos;
				SWIFT_ACTIVE_COMPILATION_CONDITIONS = DEBUG;
				SWIFT_OPTIMIZATION_LEVEL = "-Onone";
			};
			name = Debug;
		};
		449BB2DD1E810D6A00240E5D /* Release */ = {
			isa = XCBuildConfiguration;
			buildSettings = {
				ALWAYS_SEARCH_USER_PATHS = NO;
				CLANG_ANALYZER_NONNULL = YES;
				CLANG_CXX_LANGUAGE_STANDARD = "gnu++0x";
				CLANG_CXX_LIBRARY = "libc++";
				CLANG_ENABLE_MODULES = YES;
				CLANG_ENABLE_OBJC_ARC = YES;
				CLANG_WARN_BOOL_CONVERSION = YES;
				CLANG_WARN_CONSTANT_CONVERSION = YES;
				CLANG_WARN_DIRECT_OBJC_ISA_USAGE = YES_ERROR;
				CLANG_WARN_DOCUMENTATION_COMMENTS = YES;
				CLANG_WARN_EMPTY_BODY = YES;
				CLANG_WARN_ENUM_CONVERSION = YES;
				CLANG_WARN_INFINITE_RECURSION = YES;
				CLANG_WARN_INT_CONVERSION = YES;
				CLANG_WARN_OBJC_ROOT_CLASS = YES_ERROR;
				CLANG_WARN_SUSPICIOUS_MOVE = YES;
				CLANG_WARN_UNREACHABLE_CODE = YES;
				CLANG_WARN__DUPLICATE_METHOD_MATCH = YES;
				"CODE_SIGN_IDENTITY[sdk=iphoneos*]" = "iPhone Developer";
				COPY_PHASE_STRIP = NO;
				DEBUG_INFORMATION_FORMAT = "dwarf-with-dsym";
				ENABLE_NS_ASSERTIONS = NO;
				ENABLE_STRICT_OBJC_MSGSEND = YES;
				GCC_C_LANGUAGE_STANDARD = gnu99;
				GCC_NO_COMMON_BLOCKS = YES;
				GCC_WARN_64_TO_32_BIT_CONVERSION = YES;
				GCC_WARN_ABOUT_RETURN_TYPE = YES_ERROR;
				GCC_WARN_UNDECLARED_SELECTOR = YES;
				GCC_WARN_UNINITIALIZED_AUTOS = YES_AGGRESSIVE;
				GCC_WARN_UNUSED_FUNCTION = YES;
				GCC_WARN_UNUSED_VARIABLE = YES;
				IPHONEOS_DEPLOYMENT_TARGET = 10.2;
				MTL_ENABLE_DEBUG_INFO = NO;
				SDKROOT = iphoneos;
				SWIFT_OPTIMIZATION_LEVEL = "-Owholemodule";
				VALIDATE_PRODUCT = YES;
			};
			name = Release;
		};
		449BB2DF1E810D6A00240E5D /* Debug */ = {
			isa = XCBuildConfiguration;
			baseConfigurationReference = 88F704183BCB9094E69F28C1 /* Pods-JWPlayerDemo.debug.xcconfig */;
			buildSettings = {
				ASSETCATALOG_COMPILER_APPICON_NAME = AppIcon;
				CLANG_ENABLE_MODULES = YES;
				DEVELOPMENT_TEAM = 88GZ4GY3GM;
				INFOPLIST_FILE = JWPlayerDemo/Info.plist;
				IPHONEOS_DEPLOYMENT_TARGET = 8.0;
				LD_RUNPATH_SEARCH_PATHS = "$(inherited) @executable_path/Frameworks";
				PRODUCT_BUNDLE_IDENTIFIER = io.techery.JWPlayerDemo;
				PRODUCT_NAME = "$(TARGET_NAME)";
				SWIFT_OBJC_BRIDGING_HEADER = "JWPlayerDemo/Source/JWPlayerDemo-Bridging-Header.h";
				SWIFT_OPTIMIZATION_LEVEL = "-Onone";
				SWIFT_VERSION = 3.0;
			};
			name = Debug;
		};
		449BB2E01E810D6A00240E5D /* Release */ = {
			isa = XCBuildConfiguration;
			baseConfigurationReference = 19357CF3011165511D053AE7 /* Pods-JWPlayerDemo.release.xcconfig */;
			buildSettings = {
				ASSETCATALOG_COMPILER_APPICON_NAME = AppIcon;
				CLANG_ENABLE_MODULES = YES;
				DEVELOPMENT_TEAM = 88GZ4GY3GM;
				INFOPLIST_FILE = JWPlayerDemo/Info.plist;
				IPHONEOS_DEPLOYMENT_TARGET = 8.0;
				LD_RUNPATH_SEARCH_PATHS = "$(inherited) @executable_path/Frameworks";
				PRODUCT_BUNDLE_IDENTIFIER = io.techery.JWPlayerDemo;
				PRODUCT_NAME = "$(TARGET_NAME)";
				SWIFT_OBJC_BRIDGING_HEADER = "JWPlayerDemo/Source/JWPlayerDemo-Bridging-Header.h";
				SWIFT_VERSION = 3.0;
			};
			name = Release;
		};
/* End XCBuildConfiguration section */

/* Begin XCConfigurationList section */
		449BB2C51E810D6A00240E5D /* Build configuration list for PBXProject "JWPlayerDemo" */ = {
			isa = XCConfigurationList;
			buildConfigurations = (
				449BB2DC1E810D6A00240E5D /* Debug */,
				449BB2DD1E810D6A00240E5D /* Release */,
			);
			defaultConfigurationIsVisible = 0;
			defaultConfigurationName = Release;
		};
		449BB2DE1E810D6A00240E5D /* Build configuration list for PBXNativeTarget "JWPlayerDemo" */ = {
			isa = XCConfigurationList;
			buildConfigurations = (
				449BB2DF1E810D6A00240E5D /* Debug */,
				449BB2E01E810D6A00240E5D /* Release */,
			);
			defaultConfigurationIsVisible = 0;
			defaultConfigurationName = Release;
		};
/* End XCConfigurationList section */
	};
	rootObject = 449BB2C21E810D6A00240E5D /* Project object */;
}
